
Microsoft Visual Studio Solution File, Format Version 12.00
# Visual Studio for Mac
Project("{FAE04EC0-301F-11D3-BF4B-00C04F79EFBC}") = "Assembly-CSharp", "Assembly-CSharp.csproj", "{A9672AB3-1D0A-2E30-06D1-785CD389B335}"
EndProject
Project("{FAE04EC0-301F-11D3-BF4B-00C04F79EFBC}") = "Assembly-CSharp-Editor", "Assembly-CSharp-Editor.csproj", "{B39630D6-DD41-1823-96C8-CF5EA422D332}"
EndProject
Global
	GlobalSection(SolutionConfigurationPlatforms) = preSolution
		Debug|Any CPU = Debug|Any CPU
		Release|Any CPU = Release|Any CPU
	EndGlobalSection
	GlobalSection(ProjectConfigurationPlatforms) = postSolution
		{A9672AB3-1D0A-2E30-06D1-785CD389B335}.Debug|Any CPU.ActiveCfg = Debug|Any CPU
		{A9672AB3-1D0A-2E30-06D1-785CD389B335}.Debug|Any CPU.Build.0 = Debug|Any CPU
		{A9672AB3-1D0A-2E30-06D1-785CD389B335}.Release|Any CPU.ActiveCfg = Release|Any CPU
		{A9672AB3-1D0A-2E30-06D1-785CD389B335}.Release|Any CPU.Build.0 = Release|Any CPU
		{B39630D6-DD41-1823-96C8-CF5EA422D332}.Debug|Any CPU.ActiveCfg = Debug|Any CPU
		{B39630D6-DD41-1823-96C8-CF5EA422D332}.Debug|Any CPU.Build.0 = Debug|Any CPU
		{B39630D6-DD41-1823-96C8-CF5EA422D332}.Release|Any CPU.ActiveCfg = Release|Any CPU
		{B39630D6-DD41-1823-96C8-CF5EA422D332}.Release|Any CPU.Build.0 = Release|Any CPU
	EndGlobalSection
	GlobalSection(SolutionProperties) = preSolution
		HideSolutionNode = FALSE
	EndGlobalSection
	GlobalSection(MonoDevelopProperties) = preSolution
		StartupItem = Assembly-CSharp.csproj
	EndGlobalSection
EndGlobal
